
Microsoft Visual Studio Solution File, Format Version 12.00
# Visual Studio Version 17
VisualStudioVersion = 17.5.33627.172
MinimumVisualStudioVersion = 10.0.40219.1
Project("{FAE04EC0-301F-11D3-BF4B-00C04F79EFBC}") = "GitExample", "GitExample\GitExample.csproj", "{D3AED7CC-279C-413E-8117-FD6DB9ACF4A2}"
EndProject
Global
	GlobalSection(SolutionConfigurationPlatforms) = preSolution
		Debug|Any CPU = Debug|Any CPU
		Release|Any CPU = Release|Any CPU
	EndGlobalSection
	GlobalSection(ProjectConfigurationPlatforms) = postSolution
		{D3AED7CC-279C-413E-8117-FD6DB9ACF4A2}.Debug|Any CPU.ActiveCfg = Debug|Any CPU
		{D3AED7CC-279C-413E-8117-FD6DB9ACF4A2}.Debug|Any CPU.Build.0 = Debug|Any CPU
		{D3AED7CC-279C-413E-8117-FD6DB9ACF4A2}.Release|Any CPU.ActiveCfg = Release|Any CPU
		{D3AED7CC-279C-413E-8117-FD6DB9ACF4A2}.Release|Any CPU.Build.0 = Release|Any CPU
	EndGlobalSection
	GlobalSection(SolutionProperties) = preSolution
		HideSolutionNode = FALSE
	EndGlobalSection
	GlobalSection(ExtensibilityGlobals) = postSolution
		SolutionGuid = {4A6B53C7-3E3C-4019-8F60-A562A754A4E7}
	EndGlobalSection
EndGlobal
